// !$*UTF8*$!
{
	archiveVersion = 1;
	classes = {
	};
	objectVersion = 50;
	objects = {

/* Begin PBXBuildFile section */
		67F3741622E4391D0097B667 /* AppDelegate.swift in Sources */ = {isa = PBXBuildFile; fileRef = 67F3741522E4391D0097B667 /* AppDelegate.swift */; };
		67F3741822E4391D0097B667 /* SceneDelegate.swift in Sources */ = {isa = PBXBuildFile; fileRef = 67F3741722E4391D0097B667 /* SceneDelegate.swift */; };
		67F3741A22E4391D0097B667 /* ContentView.swift in Sources */ = {isa = PBXBuildFile; fileRef = 67F3741922E4391D0097B667 /* ContentView.swift */; };
		67F3741C22E439200097B667 /* Assets.xcassets in Resources */ = {isa = PBXBuildFile; fileRef = 67F3741B22E439200097B667 /* Assets.xcassets */; };
		67F3741F22E439200097B667 /* Preview Assets.xcassets in Resources */ = {isa = PBXBuildFile; fileRef = 67F3741E22E439200097B667 /* Preview Assets.xcassets */; };
		67F3742222E439200097B667 /* LaunchScreen.storyboard in Resources */ = {isa = PBXBuildFile; fileRef = 67F3742022E439200097B667 /* LaunchScreen.storyboard */; };
		67F3743122E43CC30097B667 /* Customer.swift in Sources */ = {isa = PBXBuildFile; fileRef = 67F3743022E43CC30097B667 /* Customer.swift */; };
		67F3743322E43E090097B667 /* PersonName.swift in Sources */ = {isa = PBXBuildFile; fileRef = 67F3743222E43E090097B667 /* PersonName.swift */; };
		67F3743522E43FFB0097B667 /* CitizenId.swift in Sources */ = {isa = PBXBuildFile; fileRef = 67F3743422E43FFB0097B667 /* CitizenId.swift */; };
		67F3743822E440430097B667 /* Id.swift in Sources */ = {isa = PBXBuildFile; fileRef = 67F3743722E440430097B667 /* Id.swift */; };
		67F3743A22E447AB0097B667 /* Citizen.swift in Sources */ = {isa = PBXBuildFile; fileRef = 67F3743922E447AB0097B667 /* Citizen.swift */; };
		67F3743E22E44EE40097B667 /* CustomerType.swift in Sources */ = {isa = PBXBuildFile; fileRef = 67F3743D22E44EE40097B667 /* CustomerType.swift */; };
		67F3744022E4574F0097B667 /* Film.swift in Sources */ = {isa = PBXBuildFile; fileRef = 67F3743F22E4574F0097B667 /* Film.swift */; };
		67F3744222E4588F0097B667 /* Studio.swift in Sources */ = {isa = PBXBuildFile; fileRef = 67F3744122E4588F0097B667 /* Studio.swift */; };
		67F3744422E459500097B667 /* Theater.swift in Sources */ = {isa = PBXBuildFile; fileRef = 67F3744322E459500097B667 /* Theater.swift */; };
		67F3744622E46BF30097B667 /* Program.swift in Sources */ = {isa = PBXBuildFile; fileRef = 67F3744522E46BF30097B667 /* Program.swift */; };
		67F3744822E480C20097B667 /* Price.swift in Sources */ = {isa = PBXBuildFile; fileRef = 67F3744722E480C20097B667 /* Price.swift */; };
		67F3744D22E48B880097B667 /* PurchaseDomainService.swift in Sources */ = {isa = PBXBuildFile; fileRef = 67F3744C22E48B880097B667 /* PurchaseDomainService.swift */; };
/* End PBXBuildFile section */

/* Begin PBXFileReference section */
		67F3741222E4391D0097B667 /* CCity.app */ = {isa = PBXFileReference; explicitFileType = wrapper.application; includeInIndex = 0; path = CCity.app; sourceTree = BUILT_PRODUCTS_DIR; };
		67F3741522E4391D0097B667 /* AppDelegate.swift */ = {isa = PBXFileReference; lastKnownFileType = sourcecode.swift; path = AppDelegate.swift; sourceTree = "<group>"; };
		67F3741722E4391D0097B667 /* SceneDelegate.swift */ = {isa = PBXFileReference; lastKnownFileType = sourcecode.swift; path = SceneDelegate.swift; sourceTree = "<group>"; };
		67F3741922E4391D0097B667 /* ContentView.swift */ = {isa = PBXFileReference; lastKnownFileType = sourcecode.swift; path = ContentView.swift; sourceTree = "<group>"; };
		67F3741B22E439200097B667 /* Assets.xcassets */ = {isa = PBXFileReference; lastKnownFileType = folder.assetcatalog; path = Assets.xcassets; sourceTree = "<group>"; };
		67F3741E22E439200097B667 /* Preview Assets.xcassets */ = {isa = PBXFileReference; lastKnownFileType = folder.assetcatalog; path = "Preview Assets.xcassets"; sourceTree = "<group>"; };
		67F3742122E439200097B667 /* Base */ = {isa = PBXFileReference; lastKnownFileType = file.storyboard; name = Base; path = Base.lproj/LaunchScreen.storyboard; sourceTree = "<group>"; };
		67F3742322E439200097B667 /* Info.plist */ = {isa = PBXFileReference; lastKnownFileType = text.plist.xml; path = Info.plist; sourceTree = "<group>"; };
		67F3743022E43CC30097B667 /* Customer.swift */ = {isa = PBXFileReference; lastKnownFileType = sourcecode.swift; path = Customer.swift; sourceTree = "<group>"; };
		67F3743222E43E090097B667 /* PersonName.swift */ = {isa = PBXFileReference; lastKnownFileType = sourcecode.swift; path = PersonName.swift; sourceTree = "<group>"; };
		67F3743422E43FFB0097B667 /* CitizenId.swift */ = {isa = PBXFileReference; lastKnownFileType = sourcecode.swift; path = CitizenId.swift; sourceTree = "<group>"; };
		67F3743722E440430097B667 /* Id.swift */ = {isa = PBXFileReference; lastKnownFileType = sourcecode.swift; path = Id.swift; sourceTree = "<group>"; };
		67F3743922E447AB0097B667 /* Citizen.swift */ = {isa = PBXFileReference; lastKnownFileType = sourcecode.swift; path = Citizen.swift; sourceTree = "<group>"; };
		67F3743D22E44EE40097B667 /* CustomerType.swift */ = {isa = PBXFileReference; lastKnownFileType = sourcecode.swift; path = CustomerType.swift; sourceTree = "<group>"; };
		67F3743F22E4574F0097B667 /* Film.swift */ = {isa = PBXFileReference; lastKnownFileType = sourcecode.swift; path = Film.swift; sourceTree = "<group>"; };
		67F3744122E4588F0097B667 /* Studio.swift */ = {isa = PBXFileReference; lastKnownFileType = sourcecode.swift; path = Studio.swift; sourceTree = "<group>"; };
		67F3744322E459500097B667 /* Theater.swift */ = {isa = PBXFileReference; lastKnownFileType = sourcecode.swift; path = Theater.swift; sourceTree = "<group>"; };
		67F3744522E46BF30097B667 /* Program.swift */ = {isa = PBXFileReference; lastKnownFileType = sourcecode.swift; path = Program.swift; sourceTree = "<group>"; };
		67F3744722E480C20097B667 /* Price.swift */ = {isa = PBXFileReference; lastKnownFileType = sourcecode.swift; path = Price.swift; sourceTree = "<group>"; };
		67F3744C22E48B880097B667 /* PurchaseDomainService.swift */ = {isa = PBXFileReference; lastKnownFileType = sourcecode.swift; path = PurchaseDomainService.swift; sourceTree = "<group>"; };
/* End PBXFileReference section */

/* Begin PBXFrameworksBuildPhase section */
		67F3740F22E4391D0097B667 /* Frameworks */ = {
			isa = PBXFrameworksBuildPhase;
			buildActionMask = 2147483647;
			files = (
			);
			runOnlyForDeploymentPostprocessing = 0;
		};
/* End PBXFrameworksBuildPhase section */

/* Begin PBXGroup section */
		67F3740922E4391D0097B667 = {
			isa = PBXGroup;
			children = (
				67F3741422E4391D0097B667 /* CCity */,
				67F3741322E4391D0097B667 /* Products */,
			);
			sourceTree = "<group>";
		};
		67F3741322E4391D0097B667 /* Products */ = {
			isa = PBXGroup;
			children = (
				67F3741222E4391D0097B667 /* CCity.app */,
			);
			name = Products;
			sourceTree = "<group>";
		};
		67F3741422E4391D0097B667 /* CCity */ = {
			isa = PBXGroup;
			children = (
				67F3742922E43A270097B667 /* application */,
				67F3742A22E43A3D0097B667 /* domain */,
				67F3741B22E439200097B667 /* Assets.xcassets */,
				67F3742322E439200097B667 /* Info.plist */,
				67F3741D22E439200097B667 /* Preview Content */,
			);
			path = CCity;
			sourceTree = "<group>";
		};
		67F3741D22E439200097B667 /* Preview Content */ = {
			isa = PBXGroup;
			children = (
				67F3741E22E439200097B667 /* Preview Assets.xcassets */,
			);
			path = "Preview Content";
			sourceTree = "<group>";
		};
		67F3742922E43A270097B667 /* application */ = {
			isa = PBXGroup;
			children = (
				67F3742B22E43A540097B667 /* userInterface */,
			);
			path = application;
			sourceTree = "<group>";
		};
		67F3742A22E43A3D0097B667 /* domain */ = {
			isa = PBXGroup;
			children = (
				67F3742F22E43C110097B667 /* entity */,
				67F3744B22E48AFE0097B667 /* service */,
				67F3742E22E43C020097B667 /* valueObject */,
			);
			path = domain;
			sourceTree = "<group>";
		};
		67F3742B22E43A540097B667 /* userInterface */ = {
			isa = PBXGroup;
			children = (
				67F3742D22E43A870097B667 /* main */,
				67F3742C22E43A750097B667 /* appDelegate */,
			);
			path = userInterface;
			sourceTree = "<group>";
		};
		67F3742C22E43A750097B667 /* appDelegate */ = {
			isa = PBXGroup;
			children = (
				67F3741522E4391D0097B667 /* AppDelegate.swift */,
			);
			path = appDelegate;
			sourceTree = "<group>";
		};
		67F3742D22E43A870097B667 /* main */ = {
			isa = PBXGroup;
			children = (
				67F3742022E439200097B667 /* LaunchScreen.storyboard */,
				67F3741922E4391D0097B667 /* ContentView.swift */,
				67F3741722E4391D0097B667 /* SceneDelegate.swift */,
			);
			path = main;
			sourceTree = "<group>";
		};
		67F3742E22E43C020097B667 /* valueObject */ = {
			isa = PBXGroup;
			children = (
				67F3743622E440280097B667 /* id */,
				67F3743D22E44EE40097B667 /* CustomerType.swift */,
				67F3743222E43E090097B667 /* PersonName.swift */,
				67F3744722E480C20097B667 /* Price.swift */,
			);
			path = valueObject;
			sourceTree = "<group>";
		};
		67F3742F22E43C110097B667 /* entity */ = {
			isa = PBXGroup;
			children = (
				67F3743922E447AB0097B667 /* Citizen.swift */,
				67F3743022E43CC30097B667 /* Customer.swift */,
				67F3743F22E4574F0097B667 /* Film.swift */,
				67F3744522E46BF30097B667 /* Program.swift */,
				67F3744122E4588F0097B667 /* Studio.swift */,
				67F3744322E459500097B667 /* Theater.swift */,
			);
			path = entity;
			sourceTree = "<group>";
		};
		67F3743622E440280097B667 /* id */ = {
			isa = PBXGroup;
			children = (
				67F3743422E43FFB0097B667 /* CitizenId.swift */,
				67F3743722E440430097B667 /* Id.swift */,
			);
			path = id;
			sourceTree = "<group>";
		};
		67F3744B22E48AFE0097B667 /* service */ = {
			isa = PBXGroup;
			children = (
				67F3744C22E48B880097B667 /* PurchaseDomainService.swift */,
			);
			path = service;
			sourceTree = "<group>";
		};
/* End PBXGroup section */

/* Begin PBXNativeTarget section */
		67F3741122E4391D0097B667 /* CCity */ = {
			isa = PBXNativeTarget;
			buildConfigurationList = 67F3742622E439200097B667 /* Build configuration list for PBXNativeTarget "CCity" */;
			buildPhases = (
				67F3740E22E4391D0097B667 /* Sources */,
				67F3740F22E4391D0097B667 /* Frameworks */,
				67F3741022E4391D0097B667 /* Resources */,
			);
			buildRules = (
			);
			dependencies = (
			);
			name = CCity;
			productName = CCity;
			productReference = 67F3741222E4391D0097B667 /* CCity.app */;
			productType = "com.apple.product-type.application";
		};
/* End PBXNativeTarget section */

/* Begin PBXProject section */
		67F3740A22E4391D0097B667 /* Project object */ = {
			isa = PBXProject;
			attributes = {
				LastSwiftUpdateCheck = 1100;
				LastUpgradeCheck = 1100;
				ORGANIZATIONNAME = WelltempRed;
				TargetAttributes = {
					67F3741122E4391D0097B667 = {
						CreatedOnToolsVersion = 11.0;
					};
				};
			};
			buildConfigurationList = 67F3740D22E4391D0097B667 /* Build configuration list for PBXProject "CCity" */;
			compatibilityVersion = "Xcode 9.3";
			developmentRegion = en;
			hasScannedForEncodings = 0;
			knownRegions = (
				en,
				Base,
			);
			mainGroup = 67F3740922E4391D0097B667;
			productRefGroup = 67F3741322E4391D0097B667 /* Products */;
			projectDirPath = "";
			projectRoot = "";
			targets = (
				67F3741122E4391D0097B667 /* CCity */,
			);
		};
/* End PBXProject section */

/* Begin PBXResourcesBuildPhase section */
		67F3741022E4391D0097B667 /* Resources */ = {
			isa = PBXResourcesBuildPhase;
			buildActionMask = 2147483647;
			files = (
				67F3742222E439200097B667 /* LaunchScreen.storyboard in Resources */,
				67F3741F22E439200097B667 /* Preview Assets.xcassets in Resources */,
				67F3741C22E439200097B667 /* Assets.xcassets in Resources */,
			);
			runOnlyForDeploymentPostprocessing = 0;
		};
/* End PBXResourcesBuildPhase section */

/* Begin PBXSourcesBuildPhase section */
		67F3740E22E4391D0097B667 /* Sources */ = {
			isa = PBXSourcesBuildPhase;
			buildActionMask = 2147483647;
			files = (
				67F3743122E43CC30097B667 /* Customer.swift in Sources */,
				67F3744422E459500097B667 /* Theater.swift in Sources */,
				67F3743322E43E090097B667 /* PersonName.swift in Sources */,
				67F3744622E46BF30097B667 /* Program.swift in Sources */,
				67F3744222E4588F0097B667 /* Studio.swift in Sources */,
				67F3741622E4391D0097B667 /* AppDelegate.swift in Sources */,
				67F3743522E43FFB0097B667 /* CitizenId.swift in Sources */,
				67F3744822E480C20097B667 /* Price.swift in Sources */,
				67F3741822E4391D0097B667 /* SceneDelegate.swift in Sources */,
				67F3744D22E48B880097B667 /* PurchaseDomainService.swift in Sources */,
				67F3744022E4574F0097B667 /* Film.swift in Sources */,
				67F3743822E440430097B667 /* Id.swift in Sources */,
				67F3743A22E447AB0097B667 /* Citizen.swift in Sources */,
				67F3741A22E4391D0097B667 /* ContentView.swift in Sources */,
				67F3743E22E44EE40097B667 /* CustomerType.swift in Sources */,
			);
			runOnlyForDeploymentPostprocessing = 0;
		};
/* End PBXSourcesBuildPhase section */

/* Begin PBXVariantGroup section */
		67F3742022E439200097B667 /* LaunchScreen.storyboard */ = {
			isa = PBXVariantGroup;
			children = (
				67F3742122E439200097B667 /* Base */,
			);
			name = LaunchScreen.storyboard;
			sourceTree = "<group>";
		};
/* End PBXVariantGroup section */

/* Begin XCBuildConfiguration section */
		67F3742422E439200097B667 /* Debug */ = {
			isa = XCBuildConfiguration;
			buildSettings = {
				ALWAYS_SEARCH_USER_PATHS = NO;
				CLANG_ANALYZER_NONNULL = YES;
				CLANG_ANALYZER_NUMBER_OBJECT_CONVERSION = YES_AGGRESSIVE;
				CLANG_CXX_LANGUAGE_STANDARD = "gnu++14";
				CLANG_CXX_LIBRARY = "libc++";
				CLANG_ENABLE_MODULES = YES;
				CLANG_ENABLE_OBJC_ARC = YES;
				CLANG_ENABLE_OBJC_WEAK = YES;
				CLANG_WARN_BLOCK_CAPTURE_AUTORELEASING = YES;
				CLANG_WARN_BOOL_CONVERSION = YES;
				CLANG_WARN_COMMA = YES;
				CLANG_WARN_CONSTANT_CONVERSION = YES;
				CLANG_WARN_DEPRECATED_OBJC_IMPLEMENTATIONS = YES;
				CLANG_WARN_DIRECT_OBJC_ISA_USAGE = YES_ERROR;
				CLANG_WARN_DOCUMENTATION_COMMENTS = YES;
				CLANG_WARN_EMPTY_BODY = YES;
				CLANG_WARN_ENUM_CONVERSION = YES;
				CLANG_WARN_INFINITE_RECURSION = YES;
				CLANG_WARN_INT_CONVERSION = YES;
				CLANG_WARN_NON_LITERAL_NULL_CONVERSION = YES;
				CLANG_WARN_OBJC_IMPLICIT_RETAIN_SELF = YES;
				CLANG_WARN_OBJC_LITERAL_CONVERSION = YES;
				CLANG_WARN_OBJC_ROOT_CLASS = YES_ERROR;
				CLANG_WARN_RANGE_LOOP_ANALYSIS = YES;
				CLANG_WARN_STRICT_PROTOTYPES = YES;
				CLANG_WARN_SUSPICIOUS_MOVE = YES;
				CLANG_WARN_UNGUARDED_AVAILABILITY = YES_AGGRESSIVE;
				CLANG_WARN_UNREACHABLE_CODE = YES;
				CLANG_WARN__DUPLICATE_METHOD_MATCH = YES;
				COPY_PHASE_STRIP = NO;
				DEBUG_INFORMATION_FORMAT = dwarf;
				ENABLE_STRICT_OBJC_MSGSEND = YES;
				ENABLE_TESTABILITY = YES;
				GCC_C_LANGUAGE_STANDARD = gnu11;
				GCC_DYNAMIC_NO_PIC = NO;
				GCC_NO_COMMON_BLOCKS = YES;
				GCC_OPTIMIZATION_LEVEL = 0;
				GCC_PREPROCESSOR_DEFINITIONS = (
					"DEBUG=1",
					"$(inherited)",
				);
				GCC_WARN_64_TO_32_BIT_CONVERSION = YES;
				GCC_WARN_ABOUT_RETURN_TYPE = YES_ERROR;
				GCC_WARN_UNDECLARED_SELECTOR = YES;
				GCC_WARN_UNINITIALIZED_AUTOS = YES_AGGRESSIVE;
				GCC_WARN_UNUSED_FUNCTION = YES;
				GCC_WARN_UNUSED_VARIABLE = YES;
				IPHONEOS_DEPLOYMENT_TARGET = 13.0;
				MTL_ENABLE_DEBUG_INFO = INCLUDE_SOURCE;
				MTL_FAST_MATH = YES;
				ONLY_ACTIVE_ARCH = YES;
				SDKROOT = iphoneos;
				SWIFT_ACTIVE_COMPILATION_CONDITIONS = DEBUG;
				SWIFT_OPTIMIZATION_LEVEL = "-Onone";
			};
			name = Debug;
		};
		67F3742522E439200097B667 /* Release */ = {
			isa = XCBuildConfiguration;
			buildSettings = {
				ALWAYS_SEARCH_USER_PATHS = NO;
				CLANG_ANALYZER_NONNULL = YES;
				CLANG_ANALYZER_NUMBER_OBJECT_CONVERSION = YES_AGGRESSIVE;
				CLANG_CXX_LANGUAGE_STANDARD = "gnu++14";
				CLANG_CXX_LIBRARY = "libc++";
				CLANG_ENABLE_MODULES = YES;
				CLANG_ENABLE_OBJC_ARC = YES;
				CLANG_ENABLE_OBJC_WEAK = YES;
				CLANG_WARN_BLOCK_CAPTURE_AUTORELEASING = YES;
				CLANG_WARN_BOOL_CONVERSION = YES;
				CLANG_WARN_COMMA = YES;
				CLANG_WARN_CONSTANT_CONVERSION = YES;
				CLANG_WARN_DEPRECATED_OBJC_IMPLEMENTATIONS = YES;
				CLANG_WARN_DIRECT_OBJC_ISA_USAGE = YES_ERROR;
				CLANG_WARN_DOCUMENTATION_COMMENTS = YES;
				CLANG_WARN_EMPTY_BODY = YES;
				CLANG_WARN_ENUM_CONVERSION = YES;
				CLANG_WARN_INFINITE_RECURSION = YES;
				CLANG_WARN_INT_CONVERSION = YES;
				CLANG_WARN_NON_LITERAL_NULL_CONVERSION = YES;
				CLANG_WARN_OBJC_IMPLICIT_RETAIN_SELF = YES;
				CLANG_WARN_OBJC_LITERAL_CONVERSION = YES;
				CLANG_WARN_OBJC_ROOT_CLASS = YES_ERROR;
				CLANG_WARN_RANGE_LOOP_ANALYSIS = YES;
				CLANG_WARN_STRICT_PROTOTYPES = YES;
				CLANG_WARN_SUSPICIOUS_MOVE = YES;
				CLANG_WARN_UNGUARDED_AVAILABILITY = YES_AGGRESSIVE;
				CLANG_WARN_UNREACHABLE_CODE = YES;
				CLANG_WARN__DUPLICATE_METHOD_MATCH = YES;
				COPY_PHASE_STRIP = NO;
				DEBUG_INFORMATION_FORMAT = "dwarf-with-dsym";
				ENABLE_NS_ASSERTIONS = NO;
				ENABLE_STRICT_OBJC_MSGSEND = YES;
				GCC_C_LANGUAGE_STANDARD = gnu11;
				GCC_NO_COMMON_BLOCKS = YES;
				GCC_WARN_64_TO_32_BIT_CONVERSION = YES;
				GCC_WARN_ABOUT_RETURN_TYPE = YES_ERROR;
				GCC_WARN_UNDECLARED_SELECTOR = YES;
				GCC_WARN_UNINITIALIZED_AUTOS = YES_AGGRESSIVE;
				GCC_WARN_UNUSED_FUNCTION = YES;
				GCC_WARN_UNUSED_VARIABLE = YES;
				IPHONEOS_DEPLOYMENT_TARGET = 13.0;
				MTL_ENABLE_DEBUG_INFO = NO;
				MTL_FAST_MATH = YES;
				SDKROOT = iphoneos;
				SWIFT_COMPILATION_MODE = wholemodule;
				SWIFT_OPTIMIZATION_LEVEL = "-O";
				VALIDATE_PRODUCT = YES;
			};
			name = Release;
		};
		67F3742722E439200097B667 /* Debug */ = {
			isa = XCBuildConfiguration;
			buildSettings = {
				ASSETCATALOG_COMPILER_APPICON_NAME = AppIcon;
				CODE_SIGN_STYLE = Automatic;
				DEVELOPMENT_ASSET_PATHS = "CCity/Preview\\ Content";
				DEVELOPMENT_TEAM = Q7FR96T6P4;
				ENABLE_PREVIEWS = YES;
				INFOPLIST_FILE = CCity/Info.plist;
				LD_RUNPATH_SEARCH_PATHS = (
					"$(inherited)",
					"@executable_path/Frameworks",
				);
				PRODUCT_BUNDLE_IDENTIFIER = red.welltemp.CCity;
				PRODUCT_NAME = "$(TARGET_NAME)";
				SWIFT_VERSION = 5.0;
				TARGETED_DEVICE_FAMILY = "1,2";
			};
			name = Debug;
		};
		67F3742822E439200097B667 /* Release */ = {
			isa = XCBuildConfiguration;
			buildSettings = {
				ASSETCATALOG_COMPILER_APPICON_NAME = AppIcon;
				CODE_SIGN_STYLE = Automatic;
				DEVELOPMENT_ASSET_PATHS = "CCity/Preview\\ Content";
				DEVELOPMENT_TEAM = Q7FR96T6P4;
				ENABLE_PREVIEWS = YES;
				INFOPLIST_FILE = CCity/Info.plist;
				LD_RUNPATH_SEARCH_PATHS = (
					"$(inherited)",
					"@executable_path/Frameworks",
				);
				PRODUCT_BUNDLE_IDENTIFIER = red.welltemp.CCity;
				PRODUCT_NAME = "$(TARGET_NAME)";
				SWIFT_VERSION = 5.0;
				TARGETED_DEVICE_FAMILY = "1,2";
			};
			name = Release;
		};
/* End XCBuildConfiguration section */

/* Begin XCConfigurationList section */
		67F3740D22E4391D0097B667 /* Build configuration list for PBXProject "CCity" */ = {
			isa = XCConfigurationList;
			buildConfigurations = (
				67F3742422E439200097B667 /* Debug */,
				67F3742522E439200097B667 /* Release */,
			);
			defaultConfigurationIsVisible = 0;
			defaultConfigurationName = Release;
		};
		67F3742622E439200097B667 /* Build configuration list for PBXNativeTarget "CCity" */ = {
			isa = XCConfigurationList;
			buildConfigurations = (
				67F3742722E439200097B667 /* Debug */,
				67F3742822E439200097B667 /* Release */,
			);
			defaultConfigurationIsVisible = 0;
			defaultConfigurationName = Release;
		};
/* End XCConfigurationList section */
	};
	rootObject = 67F3740A22E4391D0097B667 /* Project object */;
}
